
Microsoft Visual Studio Solution File, Format Version 12.00
# Visual Studio Version 16
VisualStudioVersion = 16.0.31321.278
MinimumVisualStudioVersion = 10.0.40219.1
Project("{FAE04EC0-301F-11D3-BF4B-00C04F79EFBC}") = "ApiCovidUmbria", "ApiCovidUmbria.csproj", "{AA517903-7314-43FB-9A66-E1588A35BD10}"
EndProject
Global
	GlobalSection(SolutionConfigurationPlatforms) = preSolution
		Debug|Any CPU = Debug|Any CPU
		Release|Any CPU = Release|Any CPU
	EndGlobalSection
	GlobalSection(ProjectConfigurationPlatforms) = postSolution
		{AA517903-7314-43FB-9A66-E1588A35BD10}.Debug|Any CPU.ActiveCfg = Debug|Any CPU
		{AA517903-7314-43FB-9A66-E1588A35BD10}.Debug|Any CPU.Build.0 = Debug|Any CPU
		{AA517903-7314-43FB-9A66-E1588A35BD10}.Release|Any CPU.ActiveCfg = Release|Any CPU
		{AA517903-7314-43FB-9A66-E1588A35BD10}.Release|Any CPU.Build.0 = Release|Any CPU
	EndGlobalSection
	GlobalSection(SolutionProperties) = preSolution
		HideSolutionNode = FALSE
	EndGlobalSection
	GlobalSection(ExtensibilityGlobals) = postSolution
		SolutionGuid = {A68A962F-1EF5-4DEF-A9EF-A4E1B35150EC}
	EndGlobalSection
EndGlobal
